{
  "name": "test",
  "version": "1.0.0",
  "lockfileVersion": 1,
  "requires": true,
  "dependencies": {
    "gt06": {
      "version": "1.0.1",
      "resolved": "https://registry.npmjs.org/gt06/-/gt06-1.0.1.tgz",
      "integrity": "sha512-Fbn3FjFE8/JbbiRlIjp3ATul6Eavbiz4E5a45vN3WQUhkvnRw5x7RT48h2vPWyWncLvGpzghaf1u6QRgA1sQ/Q=="
    }
  }
}
